Microsoft Visual Studio Solution File, Format Version 12.00
# Visual Studio Version 17
VisualStudioVersion = 17.5.2.0
MinimumVisualStudioVersion = 10.0.40219.1
Project("{FAE04EC0-301F-11D3-BF4B-00C04F79EFBC}") = "SquareRootTrainer", "SquareRootTrainer.csproj", "{C417F8DB-9557-3F5E-9536-6FB10D70501F}"
EndProject
Project("{FAE04EC0-301F-11D3-BF4B-00C04F79EFBC}") = "AudioGenerator", "AudioGenerator\AudioGenerator.csproj", "{A7B2F8E9-1234-5678-9ABC-DEF012345678}"
EndProject
Global
	GlobalSection(SolutionConfigurationPlatforms) = preSolution
		Debug|Any CPU = Debug|Any CPU
		Release|Any CPU = Release|Any CPU
	EndGlobalSection
	GlobalSection(ProjectConfigurationPlatforms) = postSolution
		{C417F8DB-9557-3F5E-9536-6FB10D70501F}.Debug|Any CPU.ActiveCfg = Debug|Any CPU
		{C417F8DB-9557-3F5E-9536-6FB10D70501F}.Debug|Any CPU.Build.0 = Debug|Any CPU
		{C417F8DB-9557-3F5E-9536-6FB10D70501F}.Release|Any CPU.ActiveCfg = Release|Any CPU
		{C417F8DB-9557-3F5E-9536-6FB10D70501F}.Release|Any CPU.Build.0 = Release|Any CPU
		{A7B2F8E9-1234-5678-9ABC-DEF012345678}.Debug|Any CPU.ActiveCfg = Debug|Any CPU
		{A7B2F8E9-1234-5678-9ABC-DEF012345678}.Debug|Any CPU.Build.0 = Debug|Any CPU
		{A7B2F8E9-1234-5678-9ABC-DEF012345678}.Release|Any CPU.ActiveCfg = Release|Any CPU
		{A7B2F8E9-1234-5678-9ABC-DEF012345678}.Release|Any CPU.Build.0 = Release|Any CPU
	EndGlobalSection
	GlobalSection(SolutionProperties) = preSolution
		HideSolutionNode = FALSE
	EndGlobalSection
	GlobalSection(ExtensibilityGlobals) = postSolution
		SolutionGuid = {EA7D7B3F-CA4A-4F7B-BD16-1901ED49B24A}
	EndGlobalSection
EndGlobal
